
Microsoft Visual Studio Solution File, Format Version 12.00
# Visual Studio Version 17
VisualStudioVersion = 17.5.002.0
MinimumVisualStudioVersion = 10.0.40219.1
Project("{9A19103F-16F7-4668-BE54-9A1E7A4F7556}") = "QAAstra", "QAAstra.csproj", "{63A23314-BBF4-4145-9434-EBB68AD9D18C}"
EndProject
Global
	GlobalSection(SolutionConfigurationPlatforms) = preSolution
		Debug|Any CPU = Debug|Any CPU
		Release|Any CPU = Release|Any CPU
	EndGlobalSection
	GlobalSection(ProjectConfigurationPlatforms) = postSolution
		{63A23314-BBF4-4145-9434-EBB68AD9D18C}.Debug|Any CPU.ActiveCfg = Debug|Any CPU
		{63A23314-BBF4-4145-9434-EBB68AD9D18C}.Debug|Any CPU.Build.0 = Debug|Any CPU
		{63A23314-BBF4-4145-9434-EBB68AD9D18C}.Release|Any CPU.ActiveCfg = Release|Any CPU
		{63A23314-BBF4-4145-9434-EBB68AD9D18C}.Release|Any CPU.Build.0 = Release|Any CPU
	EndGlobalSection
	GlobalSection(SolutionProperties) = preSolution
		HideSolutionNode = FALSE
	EndGlobalSection
	GlobalSection(ExtensibilityGlobals) = postSolution
		SolutionGuid = {BE03D4CC-E057-4C36-8821-88C9B9CA9024}
	EndGlobalSection
EndGlobal
